
Microsoft Visual Studio Solution File, Format Version 12.00
# Visual Studio Version 17
VisualStudioVersion = 17.13.35806.99 d17.13
MinimumVisualStudioVersion = 10.0.40219.1
Project("{FAE04EC0-301F-11D3-BF4B-00C04F79EFBC}") = "Atividade1", "Atividade1\Atividade1.csproj", "{F967D736-8629-4FE7-A692-2818D45D6672}"
EndProject
Global
	GlobalSection(SolutionConfigurationPlatforms) = preSolution
		Debug|Any CPU = Debug|Any CPU
		Release|Any CPU = Release|Any CPU
	EndGlobalSection
	GlobalSection(ProjectConfigurationPlatforms) = postSolution
		{F967D736-8629-4FE7-A692-2818D45D6672}.Debug|Any CPU.ActiveCfg = Debug|Any CPU
		{F967D736-8629-4FE7-A692-2818D45D6672}.Debug|Any CPU.Build.0 = Debug|Any CPU
		{F967D736-8629-4FE7-A692-2818D45D6672}.Release|Any CPU.ActiveCfg = Release|Any CPU
		{F967D736-8629-4FE7-A692-2818D45D6672}.Release|Any CPU.Build.0 = Release|Any CPU
	EndGlobalSection
	GlobalSection(SolutionProperties) = preSolution
		HideSolutionNode = FALSE
	EndGlobalSection
	GlobalSection(ExtensibilityGlobals) = postSolution
		SolutionGuid = {1DC803C1-75EF-4501-A704-12D6838B3B09}
	EndGlobalSection
EndGlobal
